PODS:
  - Alamofire (5.4.1)
  - Kingfisher (6.1.0)

DEPENDENCIES:
  - Alamofire
  - Kingfisher

SPEC REPOS:
  trunk:
    - Alamofire
    - Kingfisher

SPEC CHECKSUMS:
  Alamofire: 2291f7d21ca607c491dd17642e5d40fdcda0e65c
  Kingfisher: f5d8d60a0ef3edd642fd781bae60918599901aff

PODFILE CHECKSUM: d3356496911489d7bd5af479dd3d1c7f2f3ddefa

COCOAPODS: 1.9.3
