// !$*UTF8*$!
{
	archiveVersion = 1;
	classes = {
	};
	objectVersion = 51;
	objects = {

/* Begin PBXBuildFile section */
		592DA7EA25D0196400B28AB0 /* ServiceClient.swift in Sources */ = {isa = PBXBuildFile; fileRef = 592DA7E925D0196400B28AB0 /* ServiceClient.swift */; };
		592DA7EF25D0198700B28AB0 /* PopCornFlixRouter.swift in Sources */ = {isa = PBXBuildFile; fileRef = 592DA7EE25D0198700B28AB0 /* PopCornFlixRouter.swift */; };
		592DA80625D01BA700B28AB0 /* PopCornFlixClient.swift in Sources */ = {isa = PBXBuildFile; fileRef = 592DA80525D01BA700B28AB0 /* PopCornFlixClient.swift */; };
		592DA80B25D01CC000B28AB0 /* MovieList.swift in Sources */ = {isa = PBXBuildFile; fileRef = 592DA80A25D01CC000B28AB0 /* MovieList.swift */; };
		5954965B25D03F5B00C87CE5 /* MovieDetailWireFrameData.swift in Sources */ = {isa = PBXBuildFile; fileRef = 5954965A25D03F5B00C87CE5 /* MovieDetailWireFrameData.swift */; };
		5954966C25D054E500C87CE5 /* FavoriteManager.swift in Sources */ = {isa = PBXBuildFile; fileRef = 5954966B25D054E500C87CE5 /* FavoriteManager.swift */; };
		5979FC4025CF13D600CC43B6 /* AppDelegate.swift in Sources */ = {isa = PBXBuildFile; fileRef = 5979FC3F25CF13D600CC43B6 /* AppDelegate.swift */; };
		5979FC4925CF13D600CC43B6 /* Assets.xcassets in Resources */ = {isa = PBXBuildFile; fileRef = 5979FC4825CF13D600CC43B6 /* Assets.xcassets */; };
		5979FC4C25CF13D600CC43B6 /* LaunchScreen.storyboard in Resources */ = {isa = PBXBuildFile; fileRef = 5979FC4A25CF13D600CC43B6 /* LaunchScreen.storyboard */; };
		5979FC5725CF13D700CC43B6 /* PopCornFlixTests.swift in Sources */ = {isa = PBXBuildFile; fileRef = 5979FC5625CF13D700CC43B6 /* PopCornFlixTests.swift */; };
		5979FC6225CF13D700CC43B6 /* PopCornFlixUITests.swift in Sources */ = {isa = PBXBuildFile; fileRef = 5979FC6125CF13D700CC43B6 /* PopCornFlixUITests.swift */; };
		598ACE2425D0896E002ABC4A /* Localizable.strings in Resources */ = {isa = PBXBuildFile; fileRef = 598ACE2625D0896E002ABC4A /* Localizable.strings */; };
		598ACE4E25D08B3D002ABC4A /* Localizable.strings in Resources */ = {isa = PBXBuildFile; fileRef = 598ACE5025D08B3D002ABC4A /* Localizable.strings */; };
		599C247825CF5DE20012C82D /* MovieInterfaces.swift in Sources */ = {isa = PBXBuildFile; fileRef = 599C247325CF5DE20012C82D /* MovieInterfaces.swift */; };
		599C247925CF5DE20012C82D /* MoviePresenter.swift in Sources */ = {isa = PBXBuildFile; fileRef = 599C247425CF5DE20012C82D /* MoviePresenter.swift */; };
		599C247A25CF5DE20012C82D /* MovieViewController.swift in Sources */ = {isa = PBXBuildFile; fileRef = 599C247525CF5DE20012C82D /* MovieViewController.swift */; };
		599C247B25CF5DE20012C82D /* MovieInteractor.swift in Sources */ = {isa = PBXBuildFile; fileRef = 599C247625CF5DE20012C82D /* MovieInteractor.swift */; };
		599C247C25CF5DE20012C82D /* MovieWireframe.swift in Sources */ = {isa = PBXBuildFile; fileRef = 599C247725CF5DE20012C82D /* MovieWireframe.swift */; };
		599C248225CF5EB60012C82D /* BaseWireframe.swift in Sources */ = {isa = PBXBuildFile; fileRef = 599C248125CF5EB60012C82D /* BaseWireframe.swift */; };
		599C248D25CF5F780012C82D /* PresenterInterface.swift in Sources */ = {isa = PBXBuildFile; fileRef = 599C248C25CF5F780012C82D /* PresenterInterface.swift */; };
		599C249225CF5F920012C82D /* ViewInterface.swift in Sources */ = {isa = PBXBuildFile; fileRef = 599C249125CF5F920012C82D /* ViewInterface.swift */; };
		599C249725CF5FA40012C82D /* InteractorInterface.swift in Sources */ = {isa = PBXBuildFile; fileRef = 599C249625CF5FA40012C82D /* InteractorInterface.swift */; };
		599C24A225CF66450012C82D /* MovieCollectionViewCell.swift in Sources */ = {isa = PBXBuildFile; fileRef = 599C24A125CF66450012C82D /* MovieCollectionViewCell.swift */; };
		599C24BB25CF76B20012C82D /* MovieDetailInterfaces.swift in Sources */ = {isa = PBXBuildFile; fileRef = 599C24B625CF76B20012C82D /* MovieDetailInterfaces.swift */; };
		599C24BC25CF76B20012C82D /* MovieDetailPresenter.swift in Sources */ = {isa = PBXBuildFile; fileRef = 599C24B725CF76B20012C82D /* MovieDetailPresenter.swift */; };
		599C24BD25CF76B20012C82D /* MovieDetailViewController.swift in Sources */ = {isa = PBXBuildFile; fileRef = 599C24B825CF76B20012C82D /* MovieDetailViewController.swift */; };
		599C24BE25CF76B20012C82D /* MovieDetailInteractor.swift in Sources */ = {isa = PBXBuildFile; fileRef = 599C24B925CF76B20012C82D /* MovieDetailInteractor.swift */; };
		599C24BF25CF76B20012C82D /* MovieDetailWireframe.swift in Sources */ = {isa = PBXBuildFile; fileRef = 599C24BA25CF76B20012C82D /* MovieDetailWireframe.swift */; };
		599C24CE25CF7CC90012C82D /* ScrollableStackView.swift in Sources */ = {isa = PBXBuildFile; fileRef = 599C24CD25CF7CC90012C82D /* ScrollableStackView.swift */; };
		599C24D825CF85770012C82D /* VisualConstants.swift in Sources */ = {isa = PBXBuildFile; fileRef = 599C24D725CF85770012C82D /* VisualConstants.swift */; };
		599C24DD25CF860C0012C82D /* PopCornFlixLocalizables.swift in Sources */ = {isa = PBXBuildFile; fileRef = 599C24DC25CF860C0012C82D /* PopCornFlixLocalizables.swift */; };
		599C24E225CF86800012C82D /* String+Extension.swift in Sources */ = {isa = PBXBuildFile; fileRef = 599C24E125CF86800012C82D /* String+Extension.swift */; };
		599C24E825CF86AD0012C82D /* GenericValueProtocol.swift in Sources */ = {isa = PBXBuildFile; fileRef = 599C24E725CF86AD0012C82D /* GenericValueProtocol.swift */; };
		599C24F325CF875B0012C82D /* NetworkConstants.swift in Sources */ = {isa = PBXBuildFile; fileRef = 599C24F225CF875B0012C82D /* NetworkConstants.swift */; };
		A4AC9916F41BE8A2447763B4 /* Pods_PopCornFlixTests.framework in Frameworks */ = {isa = PBXBuildFile; fileRef = 67831DD33BDEC77CE8239717 /* Pods_PopCornFlixTests.framework */; };
		AF1B8A7C0E93D41B7DDBB355 /* Pods_PopCornFlix_PopCornFlixUITests.framework in Frameworks */ = {isa = PBXBuildFile; fileRef = C3CF39762425B619F4D90437 /* Pods_PopCornFlix_PopCornFlixUITests.framework */; };
		F1A974B9B97F9749048F4A55 /* Pods_PopCornFlix.framework in Frameworks */ = {isa = PBXBuildFile; fileRef = CB739AE351B2AC789299E67A /* Pods_PopCornFlix.framework */; };
/* End PBXBuildFile section */

/* Begin PBXContainerItemProxy section */
		5979FC5325CF13D700CC43B6 /* PBXContainerItemProxy */ = {
			isa = PBXContainerItemProxy;
			containerPortal = 5979FC3425CF13D600CC43B6 /* Project object */;
			proxyType = 1;
			remoteGlobalIDString = 5979FC3B25CF13D600CC43B6;
			remoteInfo = PopCornFlix;
		};
		5979FC5E25CF13D700CC43B6 /* PBXContainerItemProxy */ = {
			isa = PBXContainerItemProxy;
			containerPortal = 5979FC3425CF13D600CC43B6 /* Project object */;
			proxyType = 1;
			remoteGlobalIDString = 5979FC3B25CF13D600CC43B6;
			remoteInfo = PopCornFlix;
		};
/* End PBXContainerItemProxy section */

/* Begin PBXFileReference section */
		238DD9DD8A75A78B6647C641 /* Pods-PopCornFlix.release.xcconfig */ = {isa = PBXFileReference; includeInIndex = 1; lastKnownFileType = text.xcconfig; name = "Pods-PopCornFlix.release.xcconfig"; path = "Target Support Files/Pods-PopCornFlix/Pods-PopCornFlix.release.xcconfig"; sourceTree = "<group>"; };
		431F4655BFA8FA7CEA06F324 /* Pods-PopCornFlix-PopCornFlixUITests.debug.xcconfig */ = {isa = PBXFileReference; includeInIndex = 1; lastKnownFileType = text.xcconfig; name = "Pods-PopCornFlix-PopCornFlixUITests.debug.xcconfig"; path = "Target Support Files/Pods-PopCornFlix-PopCornFlixUITests/Pods-PopCornFlix-PopCornFlixUITests.debug.xcconfig"; sourceTree = "<group>"; };
		592DA7E925D0196400B28AB0 /* ServiceClient.swift */ = {isa = PBXFileReference; lastKnownFileType = sourcecode.swift; path = ServiceClient.swift; sourceTree = "<group>"; };
		592DA7EE25D0198700B28AB0 /* PopCornFlixRouter.swift */ = {isa = PBXFileReference; lastKnownFileType = sourcecode.swift; path = PopCornFlixRouter.swift; sourceTree = "<group>"; };
		592DA80525D01BA700B28AB0 /* PopCornFlixClient.swift */ = {isa = PBXFileReference; lastKnownFileType = sourcecode.swift; path = PopCornFlixClient.swift; sourceTree = "<group>"; };
		592DA80A25D01CC000B28AB0 /* MovieList.swift */ = {isa = PBXFileReference; lastKnownFileType = sourcecode.swift; path = MovieList.swift; sourceTree = "<group>"; };
		5954965A25D03F5B00C87CE5 /* MovieDetailWireFrameData.swift */ = {isa = PBXFileReference; lastKnownFileType = sourcecode.swift; path = MovieDetailWireFrameData.swift; sourceTree = "<group>"; };
		5954966B25D054E500C87CE5 /* FavoriteManager.swift */ = {isa = PBXFileReference; lastKnownFileType = sourcecode.swift; path = FavoriteManager.swift; sourceTree = "<group>"; };
		5979FC3C25CF13D600CC43B6 /* PopCornFlix.app */ = {isa = PBXFileReference; explicitFileType = wrapper.application; includeInIndex = 0; path = PopCornFlix.app; sourceTree = BUILT_PRODUCTS_DIR; };
		5979FC3F25CF13D600CC43B6 /* AppDelegate.swift */ = {isa = PBXFileReference; lastKnownFileType = sourcecode.swift; path = AppDelegate.swift; sourceTree = "<group>"; };
		5979FC4825CF13D600CC43B6 /* Assets.xcassets */ = {isa = PBXFileReference; lastKnownFileType = folder.assetcatalog; path = Assets.xcassets; sourceTree = "<group>"; };
		5979FC4B25CF13D600CC43B6 /* Base */ = {isa = PBXFileReference; lastKnownFileType = file.storyboard; name = Base; path = Base.lproj/LaunchScreen.storyboard; sourceTree = "<group>"; };
		5979FC4D25CF13D600CC43B6 /* Info.plist */ = {isa = PBXFileReference; lastKnownFileType = text.plist.xml; path = Info.plist; sourceTree = "<group>"; };
		5979FC5225CF13D700CC43B6 /* PopCornFlixTests.xctest */ = {isa = PBXFileReference; explicitFileType = wrapper.cfbundle; includeInIndex = 0; path = PopCornFlixTests.xctest; sourceTree = BUILT_PRODUCTS_DIR; };
		5979FC5625CF13D700CC43B6 /* PopCornFlixTests.swift */ = {isa = PBXFileReference; lastKnownFileType = sourcecode.swift; path = PopCornFlixTests.swift; sourceTree = "<group>"; };
		5979FC5825CF13D700CC43B6 /* Info.plist */ = {isa = PBXFileReference; lastKnownFileType = text.plist.xml; path = Info.plist; sourceTree = "<group>"; };
		5979FC5D25CF13D700CC43B6 /* PopCornFlixUITests.xctest */ = {isa = PBXFileReference; explicitFileType = wrapper.cfbundle; includeInIndex = 0; path = PopCornFlixUITests.xctest; sourceTree = BUILT_PRODUCTS_DIR; };
		5979FC6125CF13D700CC43B6 /* PopCornFlixUITests.swift */ = {isa = PBXFileReference; lastKnownFileType = sourcecode.swift; path = PopCornFlixUITests.swift; sourceTree = "<group>"; };
		5979FC6325CF13D700CC43B6 /* Info.plist */ = {isa = PBXFileReference; lastKnownFileType = text.plist.xml; path = Info.plist; sourceTree = "<group>"; };
		598ACE1B25D088F1002ABC4A /* tr-TR */ = {isa = PBXFileReference; lastKnownFileType = text.plist.strings; name = "tr-TR"; path = "tr-TR.lproj/LaunchScreen.strings"; sourceTree = "<group>"; };
		598ACE2525D0896E002ABC4A /* en */ = {isa = PBXFileReference; lastKnownFileType = text.plist.strings; name = en; path = en.lproj/Localizable.strings; sourceTree = "<group>"; };
		598ACE4F25D08B3D002ABC4A /* tr-TR */ = {isa = PBXFileReference; lastKnownFileType = text.plist.strings; name = "tr-TR"; path = "tr-TR.lproj/Localizable.strings"; sourceTree = "<group>"; };
		599C247325CF5DE20012C82D /* MovieInterfaces.swift */ = {isa = PBXFileReference; lastKnownFileType = sourcecode.swift; path = MovieInterfaces.swift; sourceTree = "<group>"; };
		599C247425CF5DE20012C82D /* MoviePresenter.swift */ = {isa = PBXFileReference; lastKnownFileType = sourcecode.swift; path = MoviePresenter.swift; sourceTree = "<group>"; };
		599C247525CF5DE20012C82D /* MovieViewController.swift */ = {isa = PBXFileReference; lastKnownFileType = sourcecode.swift; path = MovieViewController.swift; sourceTree = "<group>"; };
		599C247625CF5DE20012C82D /* MovieInteractor.swift */ = {isa = PBXFileReference; lastKnownFileType = sourcecode.swift; path = MovieInteractor.swift; sourceTree = "<group>"; };
		599C247725CF5DE20012C82D /* MovieWireframe.swift */ = {isa = PBXFileReference; lastKnownFileType = sourcecode.swift; path = MovieWireframe.swift; sourceTree = "<group>"; };
		599C248125CF5EB60012C82D /* BaseWireframe.swift */ = {isa = PBXFileReference; lastKnownFileType = sourcecode.swift; path = BaseWireframe.swift; sourceTree = "<group>"; };
		599C248C25CF5F780012C82D /* PresenterInterface.swift */ = {isa = PBXFileReference; lastKnownFileType = sourcecode.swift; path = PresenterInterface.swift; sourceTree = "<group>"; };
		599C249125CF5F920012C82D /* ViewInterface.swift */ = {isa = PBXFileReference; lastKnownFileType = sourcecode.swift; path = ViewInterface.swift; sourceTree = "<group>"; };
		599C249625CF5FA40012C82D /* InteractorInterface.swift */ = {isa = PBXFileReference; lastKnownFileType = sourcecode.swift; path = InteractorInterface.swift; sourceTree = "<group>"; };
		599C24A125CF66450012C82D /* MovieCollectionViewCell.swift */ = {isa = PBXFileReference; lastKnownFileType = sourcecode.swift; path = MovieCollectionViewCell.swift; sourceTree = "<group>"; };
		599C24B625CF76B20012C82D /* MovieDetailInterfaces.swift */ = {isa = PBXFileReference; lastKnownFileType = sourcecode.swift; path = MovieDetailInterfaces.swift; sourceTree = "<group>"; };
		599C24B725CF76B20012C82D /* MovieDetailPresenter.swift */ = {isa = PBXFileReference; lastKnownFileType = sourcecode.swift; path = MovieDetailPresenter.swift; sourceTree = "<group>"; };
		599C24B825CF76B20012C82D /* MovieDetailViewController.swift */ = {isa = PBXFileReference; lastKnownFileType = sourcecode.swift; path = MovieDetailViewController.swift; sourceTree = "<group>"; };
		599C24B925CF76B20012C82D /* MovieDetailInteractor.swift */ = {isa = PBXFileReference; lastKnownFileType = sourcecode.swift; path = MovieDetailInteractor.swift; sourceTree = "<group>"; };
		599C24BA25CF76B20012C82D /* MovieDetailWireframe.swift */ = {isa = PBXFileReference; lastKnownFileType = sourcecode.swift; path = MovieDetailWireframe.swift; sourceTree = "<group>"; };
		599C24CD25CF7CC90012C82D /* ScrollableStackView.swift */ = {isa = PBXFileReference; lastKnownFileType = sourcecode.swift; path = ScrollableStackView.swift; sourceTree = "<group>"; };
		599C24D725CF85770012C82D /* VisualConstants.swift */ = {isa = PBXFileReference; lastKnownFileType = sourcecode.swift; path = VisualConstants.swift; sourceTree = "<group>"; };
		599C24DC25CF860C0012C82D /* PopCornFlixLocalizables.swift */ = {isa = PBXFileReference; lastKnownFileType = sourcecode.swift; path = PopCornFlixLocalizables.swift; sourceTree = "<group>"; };
		599C24E125CF86800012C82D /* String+Extension.swift */ = {isa = PBXFileReference; lastKnownFileType = sourcecode.swift; path = "String+Extension.swift"; sourceTree = "<group>"; };
		599C24E725CF86AD0012C82D /* GenericValueProtocol.swift */ = {isa = PBXFileReference; lastKnownFileType = sourcecode.swift; path = GenericValueProtocol.swift; sourceTree = "<group>"; };
		599C24F225CF875B0012C82D /* NetworkConstants.swift */ = {isa = PBXFileReference; lastKnownFileType = sourcecode.swift; path = NetworkConstants.swift; sourceTree = "<group>"; };
		67831DD33BDEC77CE8239717 /* Pods_PopCornFlixTests.framework */ = {isa = PBXFileReference; explicitFileType = wrapper.framework; includeInIndex = 0; path = Pods_PopCornFlixTests.framework; sourceTree = BUILT_PRODUCTS_DIR; };
		8A8ED4737D5D4AD44E7D8024 /* Pods-PopCornFlix.debug.xcconfig */ = {isa = PBXFileReference; includeInIndex = 1; lastKnownFileType = text.xcconfig; name = "Pods-PopCornFlix.debug.xcconfig"; path = "Target Support Files/Pods-PopCornFlix/Pods-PopCornFlix.debug.xcconfig"; sourceTree = "<group>"; };
		8FDD13F1E5A5787CDFF38F94 /* Pods-PopCornFlixTests.debug.xcconfig */ = {isa = PBXFileReference; includeInIndex = 1; lastKnownFileType = text.xcconfig; name = "Pods-PopCornFlixTests.debug.xcconfig"; path = "Target Support Files/Pods-PopCornFlixTests/Pods-PopCornFlixTests.debug.xcconfig"; sourceTree = "<group>"; };
		B30C9CBFD33D78344A0931F6 /* Pods-PopCornFlixTests.release.xcconfig */ = {isa = PBXFileReference; includeInIndex = 1; lastKnownFileType = text.xcconfig; name = "Pods-PopCornFlixTests.release.xcconfig"; path = "Target Support Files/Pods-PopCornFlixTests/Pods-PopCornFlixTests.release.xcconfig"; sourceTree = "<group>"; };
		C3CF39762425B619F4D90437 /* Pods_PopCornFlix_PopCornFlixUITests.framework */ = {isa = PBXFileReference; explicitFileType = wrapper.framework; includeInIndex = 0; path = Pods_PopCornFlix_PopCornFlixUITests.framework; sourceTree = BUILT_PRODUCTS_DIR; };
		CB739AE351B2AC789299E67A /* Pods_PopCornFlix.framework */ = {isa = PBXFileReference; explicitFileType = wrapper.framework; includeInIndex = 0; path = Pods_PopCornFlix.framework; sourceTree = BUILT_PRODUCTS_DIR; };
		F2DE6C7F6280432E36D54EA5 /* Pods-PopCornFlix-PopCornFlixUITests.release.xcconfig */ = {isa = PBXFileReference; includeInIndex = 1; lastKnownFileType = text.xcconfig; name = "Pods-PopCornFlix-PopCornFlixUITests.release.xcconfig"; path = "Target Support Files/Pods-PopCornFlix-PopCornFlixUITests/Pods-PopCornFlix-PopCornFlixUITests.release.xcconfig"; sourceTree = "<group>"; };
/* End PBXFileReference section */

/* Begin PBXFrameworksBuildPhase section */
		5979FC3925CF13D600CC43B6 /* Frameworks */ = {
			isa = PBXFrameworksBuildPhase;
			buildActionMask = 2147483647;
			files = (
				F1A974B9B97F9749048F4A55 /* Pods_PopCornFlix.framework in Frameworks */,
			);
			runOnlyForDeploymentPostprocessing = 0;
		};
		5979FC4F25CF13D700CC43B6 /* Frameworks */ = {
			isa = PBXFrameworksBuildPhase;
			buildActionMask = 2147483647;
			files = (
				A4AC9916F41BE8A2447763B4 /* Pods_PopCornFlixTests.framework in Frameworks */,
			);
			runOnlyForDeploymentPostprocessing = 0;
		};
		5979FC5A25CF13D700CC43B6 /* Frameworks */ = {
			isa = PBXFrameworksBuildPhase;
			buildActionMask = 2147483647;
			files = (
				AF1B8A7C0E93D41B7DDBB355 /* Pods_PopCornFlix_PopCornFlixUITests.framework in Frameworks */,
			);
			runOnlyForDeploymentPostprocessing = 0;
		};
/* End PBXFrameworksBuildPhase section */

/* Begin PBXGroup section */
		0463ABFB90ED126BE4FCFBE8 /* Frameworks */ = {
			isa = PBXGroup;
			children = (
				CB739AE351B2AC789299E67A /* Pods_PopCornFlix.framework */,
				C3CF39762425B619F4D90437 /* Pods_PopCornFlix_PopCornFlixUITests.framework */,
				67831DD33BDEC77CE8239717 /* Pods_PopCornFlixTests.framework */,
			);
			name = Frameworks;
			sourceTree = "<group>";
		};
		592DA80425D01B8200B28AB0 /* Models */ = {
			isa = PBXGroup;
			children = (
				592DA80A25D01CC000B28AB0 /* MovieList.swift */,
			);
			path = Models;
			sourceTree = "<group>";
		};
		5954964E25D034ED00C87CE5 /* Views */ = {
			isa = PBXGroup;
			children = (
			);
			path = Views;
			sourceTree = "<group>";
		};
		5954966A25D054D900C87CE5 /* FavoriteManager */ = {
			isa = PBXGroup;
			children = (
				5954966B25D054E500C87CE5 /* FavoriteManager.swift */,
			);
			path = FavoriteManager;
			sourceTree = "<group>";
		};
		5954967B25D0800600C87CE5 /* AlertManager */ = {
			isa = PBXGroup;
			children = (
			);
			path = AlertManager;
			sourceTree = "<group>";
		};
		5979FC3325CF13D600CC43B6 = {
			isa = PBXGroup;
			children = (
				5979FC3E25CF13D600CC43B6 /* PopCornFlix */,
				5979FC5525CF13D700CC43B6 /* PopCornFlixTests */,
				5979FC6025CF13D700CC43B6 /* PopCornFlixUITests */,
				5979FC3D25CF13D600CC43B6 /* Products */,
				7AA99551DF03F12EF9A4F725 /* Pods */,
				0463ABFB90ED126BE4FCFBE8 /* Frameworks */,
			);
			sourceTree = "<group>";
		};
		5979FC3D25CF13D600CC43B6 /* Products */ = {
			isa = PBXGroup;
			children = (
				5979FC3C25CF13D600CC43B6 /* PopCornFlix.app */,
				5979FC5225CF13D700CC43B6 /* PopCornFlixTests.xctest */,
				5979FC5D25CF13D700CC43B6 /* PopCornFlixUITests.xctest */,
			);
			name = Products;
			sourceTree = "<group>";
		};
		5979FC3E25CF13D600CC43B6 /* PopCornFlix */ = {
			isa = PBXGroup;
			children = (
				5979FC7B25CF15A000CC43B6 /* App */,
				592DA80425D01B8200B28AB0 /* Models */,
				5979FC8325CF163700CC43B6 /* Modules */,
				5979FC7C25CF15A900CC43B6 /* Networking */,
				5979FC8025CF15FB00CC43B6 /* SupportingFlies */,
				5954964E25D034ED00C87CE5 /* Views */,
			);
			path = PopCornFlix;
			sourceTree = "<group>";
		};
		5979FC5525CF13D700CC43B6 /* PopCornFlixTests */ = {
			isa = PBXGroup;
			children = (
				5979FC5625CF13D700CC43B6 /* PopCornFlixTests.swift */,
				5979FC5825CF13D700CC43B6 /* Info.plist */,
			);
			path = PopCornFlixTests;
			sourceTree = "<group>";
		};
		5979FC6025CF13D700CC43B6 /* PopCornFlixUITests */ = {
			isa = PBXGroup;
			children = (
				5979FC6125CF13D700CC43B6 /* PopCornFlixUITests.swift */,
				5979FC6325CF13D700CC43B6 /* Info.plist */,
			);
			path = PopCornFlixUITests;
			sourceTree = "<group>";
		};
		5979FC7B25CF15A000CC43B6 /* App */ = {
			isa = PBXGroup;
			children = (
				5979FC3F25CF13D600CC43B6 /* AppDelegate.swift */,
			);
			path = App;
			sourceTree = "<group>";
		};
		5979FC7C25CF15A900CC43B6 /* Networking */ = {
			isa = PBXGroup;
			children = (
				592DA7E925D0196400B28AB0 /* ServiceClient.swift */,
				592DA7EE25D0198700B28AB0 /* PopCornFlixRouter.swift */,
				592DA80525D01BA700B28AB0 /* PopCornFlixClient.swift */,
			);
			path = Networking;
			sourceTree = "<group>";
		};
		5979FC8025CF15FB00CC43B6 /* SupportingFlies */ = {
			isa = PBXGroup;
			children = (
				5979FC8425CF165300CC43B6 /* Base */,
				5979FC8125CF161F00CC43B6 /* Constants */,
				5979FC8225CF162600CC43B6 /* Extensions */,
				5979FCC125CF17AC00CC43B6 /* Helpers */,
				598ACE4225D08AF5002ABC4A /* Localization */,
				5979FCC025CF178600CC43B6 /* Managers */,
				599C24E625CF86A00012C82D /* Protocols */,
			);
			path = SupportingFlies;
			sourceTree = "<group>";
		};
		5979FC8125CF161F00CC43B6 /* Constants */ = {
			isa = PBXGroup;
			children = (
				599C24D725CF85770012C82D /* VisualConstants.swift */,
				599C24F225CF875B0012C82D /* NetworkConstants.swift */,
			);
			path = Constants;
			sourceTree = "<group>";
		};
		5979FC8225CF162600CC43B6 /* Extensions */ = {
			isa = PBXGroup;
			children = (
				599C24E125CF86800012C82D /* String+Extension.swift */,
			);
			path = Extensions;
			sourceTree = "<group>";
		};
		5979FC8325CF163700CC43B6 /* Modules */ = {
			isa = PBXGroup;
			children = (
				599C248025CF5EAC0012C82D /* BaseModule */,
				59F879FA25CF59DC0045EB10 /* Movie */,
				599C24B125CF75F20012C82D /* MovieDetail */,
			);
			path = Modules;
			sourceTree = "<group>";
		};
		5979FC8425CF165300CC43B6 /* Base */ = {
			isa = PBXGroup;
			children = (
				5979FC4825CF13D600CC43B6 /* Assets.xcassets */,
				5979FC4A25CF13D600CC43B6 /* LaunchScreen.storyboard */,
				5979FC4D25CF13D600CC43B6 /* Info.plist */,
			);
			path = Base;
			sourceTree = "<group>";
		};
		5979FCC025CF178600CC43B6 /* Managers */ = {
			isa = PBXGroup;
			children = (
				5954967B25D0800600C87CE5 /* AlertManager */,
				5954966A25D054D900C87CE5 /* FavoriteManager */,
				599C24F725CF87D20012C82D /* LocalizationManager */,
			);
			path = Managers;
			sourceTree = "<group>";
		};
		5979FCC125CF17AC00CC43B6 /* Helpers */ = {
			isa = PBXGroup;
			children = (
			);
			path = Helpers;
			sourceTree = "<group>";
		};
		598ACE4225D08AF5002ABC4A /* Localization */ = {
			isa = PBXGroup;
			children = (
				598ACE2625D0896E002ABC4A /* Localizable.strings */,
				598ACE5025D08B3D002ABC4A /* Localizable.strings */,
			);
			name = Localization;
			path = Constants/Localization;
			sourceTree = "<group>";
		};
		599C248025CF5EAC0012C82D /* BaseModule */ = {
			isa = PBXGroup;
			children = (
				599C248125CF5EB60012C82D /* BaseWireframe.swift */,
				599C248C25CF5F780012C82D /* PresenterInterface.swift */,
				599C249125CF5F920012C82D /* ViewInterface.swift */,
				599C249625CF5FA40012C82D /* InteractorInterface.swift */,
			);
			name = BaseModule;
			sourceTree = "<group>";
		};
		599C24B125CF75F20012C82D /* MovieDetail */ = {
			isa = PBXGroup;
			children = (
				599C24C925CF7A550012C82D /* Components */,
				599C24B625CF76B20012C82D /* MovieDetailInterfaces.swift */,
				599C24B825CF76B20012C82D /* MovieDetailViewController.swift */,
				599C24B725CF76B20012C82D /* MovieDetailPresenter.swift */,
				599C24B925CF76B20012C82D /* MovieDetailInteractor.swift */,
				599C24BA25CF76B20012C82D /* MovieDetailWireframe.swift */,
				5954965A25D03F5B00C87CE5 /* MovieDetailWireFrameData.swift */,
			);
			path = MovieDetail;
			sourceTree = "<group>";
		};
		599C24C925CF7A550012C82D /* Components */ = {
			isa = PBXGroup;
			children = (
				599C24CD25CF7CC90012C82D /* ScrollableStackView.swift */,
			);
			path = Components;
			sourceTree = "<group>";
		};
		599C24E625CF86A00012C82D /* Protocols */ = {
			isa = PBXGroup;
			children = (
				599C24E725CF86AD0012C82D /* GenericValueProtocol.swift */,
			);
			path = Protocols;
			sourceTree = "<group>";
		};
		599C24F725CF87D20012C82D /* LocalizationManager */ = {
			isa = PBXGroup;
			children = (
				599C24DC25CF860C0012C82D /* PopCornFlixLocalizables.swift */,
			);
			path = LocalizationManager;
			sourceTree = "<group>";
		};
		59F879FA25CF59DC0045EB10 /* Movie */ = {
			isa = PBXGroup;
			children = (
				599C247325CF5DE20012C82D /* MovieInterfaces.swift */,
				599C247525CF5DE20012C82D /* MovieViewController.swift */,
				599C247425CF5DE20012C82D /* MoviePresenter.swift */,
				599C247625CF5DE20012C82D /* MovieInteractor.swift */,
				599C247725CF5DE20012C82D /* MovieWireframe.swift */,
				599C24A125CF66450012C82D /* MovieCollectionViewCell.swift */,
			);
			path = Movie;
			sourceTree = "<group>";
		};
		7AA99551DF03F12EF9A4F725 /* Pods */ = {
			isa = PBXGroup;
			children = (
				8A8ED4737D5D4AD44E7D8024 /* Pods-PopCornFlix.debug.xcconfig */,
				238DD9DD8A75A78B6647C641 /* Pods-PopCornFlix.release.xcconfig */,
				431F4655BFA8FA7CEA06F324 /* Pods-PopCornFlix-PopCornFlixUITests.debug.xcconfig */,
				F2DE6C7F6280432E36D54EA5 /* Pods-PopCornFlix-PopCornFlixUITests.release.xcconfig */,
				8FDD13F1E5A5787CDFF38F94 /* Pods-PopCornFlixTests.debug.xcconfig */,
				B30C9CBFD33D78344A0931F6 /* Pods-PopCornFlixTests.release.xcconfig */,
			);
			path = Pods;
			sourceTree = "<group>";
		};
/* End PBXGroup section */

/* Begin PBXNativeTarget section */
		5979FC3B25CF13D600CC43B6 /* PopCornFlix */ = {
			isa = PBXNativeTarget;
			buildConfigurationList = 5979FC6625CF13D700CC43B6 /* Build configuration list for PBXNativeTarget "PopCornFlix" */;
			buildPhases = (
				DDEFC2D5106383846409DDBF /* [CP] Check Pods Manifest.lock */,
				5979FC3825CF13D600CC43B6 /* Sources */,
				5979FC3925CF13D600CC43B6 /* Frameworks */,
				5979FC3A25CF13D600CC43B6 /* Resources */,
				9F92600124344D8D97EB569F /* [CP] Embed Pods Frameworks */,
			);
			buildRules = (
			);
			dependencies = (
			);
			name = PopCornFlix;
			productName = PopCornFlix;
			productReference = 5979FC3C25CF13D600CC43B6 /* PopCornFlix.app */;
			productType = "com.apple.product-type.application";
		};
		5979FC5125CF13D700CC43B6 /* PopCornFlixTests */ = {
			isa = PBXNativeTarget;
			buildConfigurationList = 5979FC6925CF13D700CC43B6 /* Build configuration list for PBXNativeTarget "PopCornFlixTests" */;
			buildPhases = (
				C9ACBBCE5277DD7951666A7D /* [CP] Check Pods Manifest.lock */,
				5979FC4E25CF13D700CC43B6 /* Sources */,
				5979FC4F25CF13D700CC43B6 /* Frameworks */,
				5979FC5025CF13D700CC43B6 /* Resources */,
			);
			buildRules = (
			);
			dependencies = (
				5979FC5425CF13D700CC43B6 /* PBXTargetDependency */,
			);
			name = PopCornFlixTests;
			productName = PopCornFlixTests;
			productReference = 5979FC5225CF13D700CC43B6 /* PopCornFlixTests.xctest */;
			productType = "com.apple.product-type.bundle.unit-test";
		};
		5979FC5C25CF13D700CC43B6 /* PopCornFlixUITests */ = {
			isa = PBXNativeTarget;
			buildConfigurationList = 5979FC6C25CF13D700CC43B6 /* Build configuration list for PBXNativeTarget "PopCornFlixUITests" */;
			buildPhases = (
				D7BE14532C356E408721F551 /* [CP] Check Pods Manifest.lock */,
				5979FC5925CF13D700CC43B6 /* Sources */,
				5979FC5A25CF13D700CC43B6 /* Frameworks */,
				5979FC5B25CF13D700CC43B6 /* Resources */,
				DB7F0FD15654DA79AC3AD818 /* [CP] Embed Pods Frameworks */,
			);
			buildRules = (
			);
			dependencies = (
				5979FC5F25CF13D700CC43B6 /* PBXTargetDependency */,
			);
			name = PopCornFlixUITests;
			productName = PopCornFlixUITests;
			productReference = 5979FC5D25CF13D700CC43B6 /* PopCornFlixUITests.xctest */;
			productType = "com.apple.product-type.bundle.ui-testing";
		};
/* End PBXNativeTarget section */

/* Begin PBXProject section */
		5979FC3425CF13D600CC43B6 /* Project object */ = {
			isa = PBXProject;
			attributes = {
				LastSwiftUpdateCheck = 1240;
				LastUpgradeCheck = 1240;
				TargetAttributes = {
					5979FC3B25CF13D600CC43B6 = {
						CreatedOnToolsVersion = 12.4;
					};
					5979FC5125CF13D700CC43B6 = {
						CreatedOnToolsVersion = 12.4;
						TestTargetID = 5979FC3B25CF13D600CC43B6;
					};
					5979FC5C25CF13D700CC43B6 = {
						CreatedOnToolsVersion = 12.4;
						TestTargetID = 5979FC3B25CF13D600CC43B6;
					};
				};
			};
			buildConfigurationList = 5979FC3725CF13D600CC43B6 /* Build configuration list for PBXProject "PopCornFlix" */;
			compatibilityVersion = "Xcode 9.3";
			developmentRegion = en;
			hasScannedForEncodings = 0;
			knownRegions = (
				en,
				Base,
				"tr-TR",
			);
			mainGroup = 5979FC3325CF13D600CC43B6;
			productRefGroup = 5979FC3D25CF13D600CC43B6 /* Products */;
			projectDirPath = "";
			projectRoot = "";
			targets = (
				5979FC3B25CF13D600CC43B6 /* PopCornFlix */,
				5979FC5125CF13D700CC43B6 /* PopCornFlixTests */,
				5979FC5C25CF13D700CC43B6 /* PopCornFlixUITests */,
			);
		};
/* End PBXProject section */

/* Begin PBXResourcesBuildPhase section */
		5979FC3A25CF13D600CC43B6 /* Resources */ = {
			isa = PBXResourcesBuildPhase;
			buildActionMask = 2147483647;
			files = (
				5979FC4C25CF13D600CC43B6 /* LaunchScreen.storyboard in Resources */,
				598ACE4E25D08B3D002ABC4A /* Localizable.strings in Resources */,
				598ACE2425D0896E002ABC4A /* Localizable.strings in Resources */,
				5979FC4925CF13D600CC43B6 /* Assets.xcassets in Resources */,
			);
			runOnlyForDeploymentPostprocessing = 0;
		};
		5979FC5025CF13D700CC43B6 /* Resources */ = {
			isa = PBXResourcesBuildPhase;
			buildActionMask = 2147483647;
			files = (
			);
			runOnlyForDeploymentPostprocessing = 0;
		};
		5979FC5B25CF13D700CC43B6 /* Resources */ = {
			isa = PBXResourcesBuildPhase;
			buildActionMask = 2147483647;
			files = (
			);
			runOnlyForDeploymentPostprocessing = 0;
		};
/* End PBXResourcesBuildPhase section */

/* Begin PBXShellScriptBuildPhase section */
		9F92600124344D8D97EB569F /* [CP] Embed Pods Frameworks */ = {
			isa = PBXShellScriptBuildPhase;
			buildActionMask = 2147483647;
			files = (
			);
			inputFileListPaths = (
				"${PODS_ROOT}/Target Support Files/Pods-PopCornFlix/Pods-PopCornFlix-frameworks-${CONFIGURATION}-input-files.xcfilelist",
			);
			name = "[CP] Embed Pods Frameworks";
			outputFileListPaths = (
				"${PODS_ROOT}/Target Support Files/Pods-PopCornFlix/Pods-PopCornFlix-frameworks-${CONFIGURATION}-output-files.xcfilelist",
			);
			runOnlyForDeploymentPostprocessing = 0;
			shellPath = /bin/sh;
			shellScript = "\"${PODS_ROOT}/Target Support Files/Pods-PopCornFlix/Pods-PopCornFlix-frameworks.sh\"\n";
			showEnvVarsInLog = 0;
		};
		C9ACBBCE5277DD7951666A7D /* [CP] Check Pods Manifest.lock */ = {
			isa = PBXShellScriptBuildPhase;
			buildActionMask = 2147483647;
			files = (
			);
			inputFileListPaths = (
			);
			inputPaths = (
				"${PODS_PODFILE_DIR_PATH}/Podfile.lock",
				"${PODS_ROOT}/Manifest.lock",
			);
			name = "[CP] Check Pods Manifest.lock";
			outputFileListPaths = (
			);
			outputPaths = (
				"$(DERIVED_FILE_DIR)/Pods-PopCornFlixTests-checkManifestLockResult.txt",
			);
			runOnlyForDeploymentPostprocessing = 0;
			shellPath = /bin/sh;
			shellScript = "diff \"${PODS_PODFILE_DIR_PATH}/Podfile.lock\" \"${PODS_ROOT}/Manifest.lock\" > /dev/null\nif [ $? != 0 ] ; then\n    # print error to STDERR\n    echo \"error: The sandbox is not in sync with the Podfile.lock. Run 'pod install' or update your CocoaPods installation.\" >&2\n    exit 1\nfi\n# This output is used by Xcode 'outputs' to avoid re-running this script phase.\necho \"SUCCESS\" > \"${SCRIPT_OUTPUT_FILE_0}\"\n";
			showEnvVarsInLog = 0;
		};
		D7BE14532C356E408721F551 /* [CP] Check Pods Manifest.lock */ = {
			isa = PBXShellScriptBuildPhase;
			buildActionMask = 2147483647;
			files = (
			);
			inputFileListPaths = (
			);
			inputPaths = (
				"${PODS_PODFILE_DIR_PATH}/Podfile.lock",
				"${PODS_ROOT}/Manifest.lock",
			);
			name = "[CP] Check Pods Manifest.lock";
			outputFileListPaths = (
			);
			outputPaths = (
				"$(DERIVED_FILE_DIR)/Pods-PopCornFlix-PopCornFlixUITests-checkManifestLockResult.txt",
			);
			runOnlyForDeploymentPostprocessing = 0;
			shellPath = /bin/sh;
			shellScript = "diff \"${PODS_PODFILE_DIR_PATH}/Podfile.lock\" \"${PODS_ROOT}/Manifest.lock\" > /dev/null\nif [ $? != 0 ] ; then\n    # print error to STDERR\n    echo \"error: The sandbox is not in sync with the Podfile.lock. Run 'pod install' or update your CocoaPods installation.\" >&2\n    exit 1\nfi\n# This output is used by Xcode 'outputs' to avoid re-running this script phase.\necho \"SUCCESS\" > \"${SCRIPT_OUTPUT_FILE_0}\"\n";
			showEnvVarsInLog = 0;
		};
		DB7F0FD15654DA79AC3AD818 /* [CP] Embed Pods Frameworks */ = {
			isa = PBXShellScriptBuildPhase;
			buildActionMask = 2147483647;
			files = (
			);
			inputFileListPaths = (
				"${PODS_ROOT}/Target Support Files/Pods-PopCornFlix-PopCornFlixUITests/Pods-PopCornFlix-PopCornFlixUITests-frameworks-${CONFIGURATION}-input-files.xcfilelist",
			);
			name = "[CP] Embed Pods Frameworks";
			outputFileListPaths = (
				"${PODS_ROOT}/Target Support Files/Pods-PopCornFlix-PopCornFlixUITests/Pods-PopCornFlix-PopCornFlixUITests-frameworks-${CONFIGURATION}-output-files.xcfilelist",
			);
			runOnlyForDeploymentPostprocessing = 0;
			shellPath = /bin/sh;
			shellScript = "\"${PODS_ROOT}/Target Support Files/Pods-PopCornFlix-PopCornFlixUITests/Pods-PopCornFlix-PopCornFlixUITests-frameworks.sh\"\n";
			showEnvVarsInLog = 0;
		};
		DDEFC2D5106383846409DDBF /* [CP] Check Pods Manifest.lock */ = {
			isa = PBXShellScriptBuildPhase;
			buildActionMask = 2147483647;
			files = (
			);
			inputFileListPaths = (
			);
			inputPaths = (
				"${PODS_PODFILE_DIR_PATH}/Podfile.lock",
				"${PODS_ROOT}/Manifest.lock",
			);
			name = "[CP] Check Pods Manifest.lock";
			outputFileListPaths = (
			);
			outputPaths = (
				"$(DERIVED_FILE_DIR)/Pods-PopCornFlix-checkManifestLockResult.txt",
			);
			runOnlyForDeploymentPostprocessing = 0;
			shellPath = /bin/sh;
			shellScript = "diff \"${PODS_PODFILE_DIR_PATH}/Podfile.lock\" \"${PODS_ROOT}/Manifest.lock\" > /dev/null\nif [ $? != 0 ] ; then\n    # print error to STDERR\n    echo \"error: The sandbox is not in sync with the Podfile.lock. Run 'pod install' or update your CocoaPods installation.\" >&2\n    exit 1\nfi\n# This output is used by Xcode 'outputs' to avoid re-running this script phase.\necho \"SUCCESS\" > \"${SCRIPT_OUTPUT_FILE_0}\"\n";
			showEnvVarsInLog = 0;
		};
/* End PBXShellScriptBuildPhase section */

/* Begin PBXSourcesBuildPhase section */
		5979FC3825CF13D600CC43B6 /* Sources */ = {
			isa = PBXSourcesBuildPhase;
			buildActionMask = 2147483647;
			files = (
				599C247B25CF5DE20012C82D /* MovieInteractor.swift in Sources */,
				5954965B25D03F5B00C87CE5 /* MovieDetailWireFrameData.swift in Sources */,
				599C24E225CF86800012C82D /* String+Extension.swift in Sources */,
				599C24F325CF875B0012C82D /* NetworkConstants.swift in Sources */,
				599C247825CF5DE20012C82D /* MovieInterfaces.swift in Sources */,
				592DA80625D01BA700B28AB0 /* PopCornFlixClient.swift in Sources */,
				599C248225CF5EB60012C82D /* BaseWireframe.swift in Sources */,
				599C24CE25CF7CC90012C82D /* ScrollableStackView.swift in Sources */,
				599C24E825CF86AD0012C82D /* GenericValueProtocol.swift in Sources */,
				592DA80B25D01CC000B28AB0 /* MovieList.swift in Sources */,
				599C24DD25CF860C0012C82D /* PopCornFlixLocalizables.swift in Sources */,
				599C247925CF5DE20012C82D /* MoviePresenter.swift in Sources */,
				599C24BD25CF76B20012C82D /* MovieDetailViewController.swift in Sources */,
				599C24BE25CF76B20012C82D /* MovieDetailInteractor.swift in Sources */,
				599C24BC25CF76B20012C82D /* MovieDetailPresenter.swift in Sources */,
				5954966C25D054E500C87CE5 /* FavoriteManager.swift in Sources */,
				599C249225CF5F920012C82D /* ViewInterface.swift in Sources */,
				599C24BB25CF76B20012C82D /* MovieDetailInterfaces.swift in Sources */,
				599C248D25CF5F780012C82D /* PresenterInterface.swift in Sources */,
				592DA7EF25D0198700B28AB0 /* PopCornFlixRouter.swift in Sources */,
				599C24D825CF85770012C82D /* VisualConstants.swift in Sources */,
				599C24BF25CF76B20012C82D /* MovieDetailWireframe.swift in Sources */,
				599C249725CF5FA40012C82D /* InteractorInterface.swift in Sources */,
				599C247C25CF5DE20012C82D /* MovieWireframe.swift in Sources */,
				599C24A225CF66450012C82D /* MovieCollectionViewCell.swift in Sources */,
				5979FC4025CF13D600CC43B6 /* AppDelegate.swift in Sources */,
				592DA7EA25D0196400B28AB0 /* ServiceClient.swift in Sources */,
				599C247A25CF5DE20012C82D /* MovieViewController.swift in Sources */,
			);
			runOnlyForDeploymentPostprocessing = 0;
		};
		5979FC4E25CF13D700CC43B6 /* Sources */ = {
			isa = PBXSourcesBuildPhase;
			buildActionMask = 2147483647;
			files = (
				5979FC5725CF13D700CC43B6 /* PopCornFlixTests.swift in Sources */,
			);
			runOnlyForDeploymentPostprocessing = 0;
		};
		5979FC5925CF13D700CC43B6 /* Sources */ = {
			isa = PBXSourcesBuildPhase;
			buildActionMask = 2147483647;
			files = (
				5979FC6225CF13D700CC43B6 /* PopCornFlixUITests.swift in Sources */,
			);
			runOnlyForDeploymentPostprocessing = 0;
		};
/* End PBXSourcesBuildPhase section */

/* Begin PBXTargetDependency section */
		5979FC5425CF13D700CC43B6 /* PBXTargetDependency */ = {
			isa = PBXTargetDependency;
			target = 5979FC3B25CF13D600CC43B6 /* PopCornFlix */;
			targetProxy = 5979FC5325CF13D700CC43B6 /* PBXContainerItemProxy */;
		};
		5979FC5F25CF13D700CC43B6 /* PBXTargetDependency */ = {
			isa = PBXTargetDependency;
			target = 5979FC3B25CF13D600CC43B6 /* PopCornFlix */;
			targetProxy = 5979FC5E25CF13D700CC43B6 /* PBXContainerItemProxy */;
		};
/* End PBXTargetDependency section */

/* Begin PBXVariantGroup section */
		5979FC4A25CF13D600CC43B6 /* LaunchScreen.storyboard */ = {
			isa = PBXVariantGroup;
			children = (
				5979FC4B25CF13D600CC43B6 /* Base */,
				598ACE1B25D088F1002ABC4A /* tr-TR */,
			);
			name = LaunchScreen.storyboard;
			sourceTree = "<group>";
		};
		598ACE2625D0896E002ABC4A /* Localizable.strings */ = {
			isa = PBXVariantGroup;
			children = (
				598ACE2525D0896E002ABC4A /* en */,
			);
			name = Localizable.strings;
			sourceTree = "<group>";
		};
		598ACE5025D08B3D002ABC4A /* Localizable.strings */ = {
			isa = PBXVariantGroup;
			children = (
				598ACE4F25D08B3D002ABC4A /* tr-TR */,
			);
			name = Localizable.strings;
			sourceTree = "<group>";
		};
/* End PBXVariantGroup section */

/* Begin XCBuildConfiguration section */
		5979FC6425CF13D700CC43B6 /* Debug */ = {
			isa = XCBuildConfiguration;
			buildSettings = {
				ALWAYS_SEARCH_USER_PATHS = NO;
				CLANG_ANALYZER_LOCALIZABILITY_NONLOCALIZED = YES;
				CLANG_ANALYZER_NONNULL = YES;
				CLANG_ANALYZER_NUMBER_OBJECT_CONVERSION = YES_AGGRESSIVE;
				CLANG_CXX_LANGUAGE_STANDARD = "gnu++14";
				CLANG_CXX_LIBRARY = "libc++";
				CLANG_ENABLE_MODULES = YES;
				CLANG_ENABLE_OBJC_ARC = YES;
				CLANG_ENABLE_OBJC_WEAK = YES;
				CLANG_WARN_BLOCK_CAPTURE_AUTORELEASING = YES;
				CLANG_WARN_BOOL_CONVERSION = YES;
				CLANG_WARN_COMMA = YES;
				CLANG_WARN_CONSTANT_CONVERSION = YES;
				CLANG_WARN_DEPRECATED_OBJC_IMPLEMENTATIONS = YES;
				CLANG_WARN_DIRECT_OBJC_ISA_USAGE = YES_ERROR;
				CLANG_WARN_DOCUMENTATION_COMMENTS = YES;
				CLANG_WARN_EMPTY_BODY = YES;
				CLANG_WARN_ENUM_CONVERSION = YES;
				CLANG_WARN_INFINITE_RECURSION = YES;
				CLANG_WARN_INT_CONVERSION = YES;
				CLANG_WARN_NON_LITERAL_NULL_CONVERSION = YES;
				CLANG_WARN_OBJC_IMPLICIT_RETAIN_SELF = YES;
				CLANG_WARN_OBJC_LITERAL_CONVERSION = YES;
				CLANG_WARN_OBJC_ROOT_CLASS = YES_ERROR;
				CLANG_WARN_QUOTED_INCLUDE_IN_FRAMEWORK_HEADER = YES;
				CLANG_WARN_RANGE_LOOP_ANALYSIS = YES;
				CLANG_WARN_STRICT_PROTOTYPES = YES;
				CLANG_WARN_SUSPICIOUS_MOVE = YES;
				CLANG_WARN_UNGUARDED_AVAILABILITY = YES_AGGRESSIVE;
				CLANG_WARN_UNREACHABLE_CODE = YES;
				CLANG_WARN__DUPLICATE_METHOD_MATCH = YES;
				COPY_PHASE_STRIP = NO;
				DEBUG_INFORMATION_FORMAT = dwarf;
				ENABLE_STRICT_OBJC_MSGSEND = YES;
				ENABLE_TESTABILITY = YES;
				GCC_C_LANGUAGE_STANDARD = gnu11;
				GCC_DYNAMIC_NO_PIC = NO;
				GCC_NO_COMMON_BLOCKS = YES;
				GCC_OPTIMIZATION_LEVEL = 0;
				GCC_PREPROCESSOR_DEFINITIONS = (
					"DEBUG=1",
					"$(inherited)",
				);
				GCC_WARN_64_TO_32_BIT_CONVERSION = YES;
				GCC_WARN_ABOUT_RETURN_TYPE = YES_ERROR;
				GCC_WARN_UNDECLARED_SELECTOR = YES;
				GCC_WARN_UNINITIALIZED_AUTOS = YES_AGGRESSIVE;
				GCC_WARN_UNUSED_FUNCTION = YES;
				GCC_WARN_UNUSED_VARIABLE = YES;
				IPHONEOS_DEPLOYMENT_TARGET = 13.0;
				MTL_ENABLE_DEBUG_INFO = INCLUDE_SOURCE;
				MTL_FAST_MATH = YES;
				ONLY_ACTIVE_ARCH = YES;
				SDKROOT = iphoneos;
				SWIFT_ACTIVE_COMPILATION_CONDITIONS = DEBUG;
				SWIFT_OPTIMIZATION_LEVEL = "-Onone";
			};
			name = Debug;
		};
		5979FC6525CF13D700CC43B6 /* Release */ = {
			isa = XCBuildConfiguration;
			buildSettings = {
				ALWAYS_SEARCH_USER_PATHS = NO;
				CLANG_ANALYZER_LOCALIZABILITY_NONLOCALIZED = YES;
				CLANG_ANALYZER_NONNULL = YES;
				CLANG_ANALYZER_NUMBER_OBJECT_CONVERSION = YES_AGGRESSIVE;
				CLANG_CXX_LANGUAGE_STANDARD = "gnu++14";
				CLANG_CXX_LIBRARY = "libc++";
				CLANG_ENABLE_MODULES = YES;
				CLANG_ENABLE_OBJC_ARC = YES;
				CLANG_ENABLE_OBJC_WEAK = YES;
				CLANG_WARN_BLOCK_CAPTURE_AUTORELEASING = YES;
				CLANG_WARN_BOOL_CONVERSION = YES;
				CLANG_WARN_COMMA = YES;
				CLANG_WARN_CONSTANT_CONVERSION = YES;
				CLANG_WARN_DEPRECATED_OBJC_IMPLEMENTATIONS = YES;
				CLANG_WARN_DIRECT_OBJC_ISA_USAGE = YES_ERROR;
				CLANG_WARN_DOCUMENTATION_COMMENTS = YES;
				CLANG_WARN_EMPTY_BODY = YES;
				CLANG_WARN_ENUM_CONVERSION = YES;
				CLANG_WARN_INFINITE_RECURSION = YES;
				CLANG_WARN_INT_CONVERSION = YES;
				CLANG_WARN_NON_LITERAL_NULL_CONVERSION = YES;
				CLANG_WARN_OBJC_IMPLICIT_RETAIN_SELF = YES;
				CLANG_WARN_OBJC_LITERAL_CONVERSION = YES;
				CLANG_WARN_OBJC_ROOT_CLASS = YES_ERROR;
				CLANG_WARN_QUOTED_INCLUDE_IN_FRAMEWORK_HEADER = YES;
				CLANG_WARN_RANGE_LOOP_ANALYSIS = YES;
				CLANG_WARN_STRICT_PROTOTYPES = YES;
				CLANG_WARN_SUSPICIOUS_MOVE = YES;
				CLANG_WARN_UNGUARDED_AVAILABILITY = YES_AGGRESSIVE;
				CLANG_WARN_UNREACHABLE_CODE = YES;
				CLANG_WARN__DUPLICATE_METHOD_MATCH = YES;
				COPY_PHASE_STRIP = NO;
				DEBUG_INFORMATION_FORMAT = "dwarf-with-dsym";
				ENABLE_NS_ASSERTIONS = NO;
				ENABLE_STRICT_OBJC_MSGSEND = YES;
				GCC_C_LANGUAGE_STANDARD = gnu11;
				GCC_NO_COMMON_BLOCKS = YES;
				GCC_WARN_64_TO_32_BIT_CONVERSION = YES;
				GCC_WARN_ABOUT_RETURN_TYPE = YES_ERROR;
				GCC_WARN_UNDECLARED_SELECTOR = YES;
				GCC_WARN_UNINITIALIZED_AUTOS = YES_AGGRESSIVE;
				GCC_WARN_UNUSED_FUNCTION = YES;
				GCC_WARN_UNUSED_VARIABLE = YES;
				IPHONEOS_DEPLOYMENT_TARGET = 13.0;
				MTL_ENABLE_DEBUG_INFO = NO;
				MTL_FAST_MATH = YES;
				SDKROOT = iphoneos;
				SWIFT_COMPILATION_MODE = wholemodule;
				SWIFT_OPTIMIZATION_LEVEL = "-O";
				VALIDATE_PRODUCT = YES;
			};
			name = Release;
		};
		5979FC6725CF13D700CC43B6 /* Debug */ = {
			isa = XCBuildConfiguration;
			baseConfigurationReference = 8A8ED4737D5D4AD44E7D8024 /* Pods-PopCornFlix.debug.xcconfig */;
			buildSettings = {
				ASSETCATALOG_COMPILER_APPICON_NAME = AppIcon;
				ASSETCATALOG_COMPILER_GLOBAL_ACCENT_COLOR_NAME = AccentColor;
				CODE_SIGN_STYLE = Automatic;
				INFOPLIST_FILE = "$(SRCROOT)/PopCornFlix/SupportingFlies/Base/Info.plist";
				LD_RUNPATH_SEARCH_PATHS = (
					"$(inherited)",
					"@executable_path/Frameworks",
				);
				PRODUCT_BUNDLE_IDENTIFIER = popcornflix.buraknurcicek.PopCornFlix;
				PRODUCT_NAME = "$(TARGET_NAME)";
				SWIFT_VERSION = 5.0;
				TARGETED_DEVICE_FAMILY = "1,2";
			};
			name = Debug;
		};
		5979FC6825CF13D700CC43B6 /* Release */ = {
			isa = XCBuildConfiguration;
			baseConfigurationReference = 238DD9DD8A75A78B6647C641 /* Pods-PopCornFlix.release.xcconfig */;
			buildSettings = {
				ASSETCATALOG_COMPILER_APPICON_NAME = AppIcon;
				ASSETCATALOG_COMPILER_GLOBAL_ACCENT_COLOR_NAME = AccentColor;
				CODE_SIGN_STYLE = Automatic;
				INFOPLIST_FILE = "$(SRCROOT)/PopCornFlix/SupportingFlies/Base/Info.plist";
				LD_RUNPATH_SEARCH_PATHS = (
					"$(inherited)",
					"@executable_path/Frameworks",
				);
				PRODUCT_BUNDLE_IDENTIFIER = popcornflix.buraknurcicek.PopCornFlix;
				PRODUCT_NAME = "$(TARGET_NAME)";
				SWIFT_VERSION = 5.0;
				TARGETED_DEVICE_FAMILY = "1,2";
			};
			name = Release;
		};
		5979FC6A25CF13D700CC43B6 /* Debug */ = {
			isa = XCBuildConfiguration;
			baseConfigurationReference = 8FDD13F1E5A5787CDFF38F94 /* Pods-PopCornFlixTests.debug.xcconfig */;
			buildSettings = {
				ALWAYS_EMBED_SWIFT_STANDARD_LIBRARIES = YES;
				BUNDLE_LOADER = "$(TEST_HOST)";
				CODE_SIGN_STYLE = Automatic;
				INFOPLIST_FILE = PopCornFlixTests/Info.plist;
				IPHONEOS_DEPLOYMENT_TARGET = 14.4;
				LD_RUNPATH_SEARCH_PATHS = (
					"$(inherited)",
					"@executable_path/Frameworks",
					"@loader_path/Frameworks",
				);
				PRODUCT_BUNDLE_IDENTIFIER = popcornflix.buraknurcicek.PopCornFlixTests;
				PRODUCT_NAME = "$(TARGET_NAME)";
				SWIFT_VERSION = 5.0;
				TARGETED_DEVICE_FAMILY = "1,2";
				TEST_HOST = "$(BUILT_PRODUCTS_DIR)/PopCornFlix.app/PopCornFlix";
			};
			name = Debug;
		};
		5979FC6B25CF13D700CC43B6 /* Release */ = {
			isa = XCBuildConfiguration;
			baseConfigurationReference = B30C9CBFD33D78344A0931F6 /* Pods-PopCornFlixTests.release.xcconfig */;
			buildSettings = {
				ALWAYS_EMBED_SWIFT_STANDARD_LIBRARIES = YES;
				BUNDLE_LOADER = "$(TEST_HOST)";
				CODE_SIGN_STYLE = Automatic;
				INFOPLIST_FILE = PopCornFlixTests/Info.plist;
				IPHONEOS_DEPLOYMENT_TARGET = 14.4;
				LD_RUNPATH_SEARCH_PATHS = (
					"$(inherited)",
					"@executable_path/Frameworks",
					"@loader_path/Frameworks",
				);
				PRODUCT_BUNDLE_IDENTIFIER = popcornflix.buraknurcicek.PopCornFlixTests;
				PRODUCT_NAME = "$(TARGET_NAME)";
				SWIFT_VERSION = 5.0;
				TARGETED_DEVICE_FAMILY = "1,2";
				TEST_HOST = "$(BUILT_PRODUCTS_DIR)/PopCornFlix.app/PopCornFlix";
			};
			name = Release;
		};
		5979FC6D25CF13D700CC43B6 /* Debug */ = {
			isa = XCBuildConfiguration;
			baseConfigurationReference = 431F4655BFA8FA7CEA06F324 /* Pods-PopCornFlix-PopCornFlixUITests.debug.xcconfig */;
			buildSettings = {
				ALWAYS_EMBED_SWIFT_STANDARD_LIBRARIES = YES;
				CODE_SIGN_STYLE = Automatic;
				INFOPLIST_FILE = PopCornFlixUITests/Info.plist;
				LD_RUNPATH_SEARCH_PATHS = (
					"$(inherited)",
					"@executable_path/Frameworks",
					"@loader_path/Frameworks",
				);
				PRODUCT_BUNDLE_IDENTIFIER = popcornflix.buraknurcicek.PopCornFlixUITests;
				PRODUCT_NAME = "$(TARGET_NAME)";
				SWIFT_VERSION = 5.0;
				TARGETED_DEVICE_FAMILY = "1,2";
				TEST_TARGET_NAME = PopCornFlix;
			};
			name = Debug;
		};
		5979FC6E25CF13D700CC43B6 /* Release */ = {
			isa = XCBuildConfiguration;
			baseConfigurationReference = F2DE6C7F6280432E36D54EA5 /* Pods-PopCornFlix-PopCornFlixUITests.release.xcconfig */;
			buildSettings = {
				ALWAYS_EMBED_SWIFT_STANDARD_LIBRARIES = YES;
				CODE_SIGN_STYLE = Automatic;
				INFOPLIST_FILE = PopCornFlixUITests/Info.plist;
				LD_RUNPATH_SEARCH_PATHS = (
					"$(inherited)",
					"@executable_path/Frameworks",
					"@loader_path/Frameworks",
				);
				PRODUCT_BUNDLE_IDENTIFIER = popcornflix.buraknurcicek.PopCornFlixUITests;
				PRODUCT_NAME = "$(TARGET_NAME)";
				SWIFT_VERSION = 5.0;
				TARGETED_DEVICE_FAMILY = "1,2";
				TEST_TARGET_NAME = PopCornFlix;
			};
			name = Release;
		};
/* End XCBuildConfiguration section */

/* Begin XCConfigurationList section */
		5979FC3725CF13D600CC43B6 /* Build configuration list for PBXProject "PopCornFlix" */ = {
			isa = XCConfigurationList;
			buildConfigurations = (
				5979FC6425CF13D700CC43B6 /* Debug */,
				5979FC6525CF13D700CC43B6 /* Release */,
			);
			defaultConfigurationIsVisible = 0;
			defaultConfigurationName = Release;
		};
		5979FC6625CF13D700CC43B6 /* Build configuration list for PBXNativeTarget "PopCornFlix" */ = {
			isa = XCConfigurationList;
			buildConfigurations = (
				5979FC6725CF13D700CC43B6 /* Debug */,
				5979FC6825CF13D700CC43B6 /* Release */,
			);
			defaultConfigurationIsVisible = 0;
			defaultConfigurationName = Release;
		};
		5979FC6925CF13D700CC43B6 /* Build configuration list for PBXNativeTarget "PopCornFlixTests" */ = {
			isa = XCConfigurationList;
			buildConfigurations = (
				5979FC6A25CF13D700CC43B6 /* Debug */,
				5979FC6B25CF13D700CC43B6 /* Release */,
			);
			defaultConfigurationIsVisible = 0;
			defaultConfigurationName = Release;
		};
		5979FC6C25CF13D700CC43B6 /* Build configuration list for PBXNativeTarget "PopCornFlixUITests" */ = {
			isa = XCConfigurationList;
			buildConfigurations = (
				5979FC6D25CF13D700CC43B6 /* Debug */,
				5979FC6E25CF13D700CC43B6 /* Release */,
			);
			defaultConfigurationIsVisible = 0;
			defaultConfigurationName = Release;
		};
/* End XCConfigurationList section */
	};
	rootObject = 5979FC3425CF13D600CC43B6 /* Project object */;
}
